
Microsoft Visual Studio Solution File, Format Version 12.00
# Visual Studio 14
VisualStudioVersion = 14.0.24720.0
MinimumVisualStudioVersion = 10.0.40219.1
Project("{FAE04EC0-301F-11D3-BF4B-00C04F79EFBC}") = "Epinova.Associations", "src\Epinova.Associations.csproj", "{D3AE5AF8-5BAC-4381-8D96-9964477C0F50}"
EndProject
Project("{FAE04EC0-301F-11D3-BF4B-00C04F79EFBC}") = "Epinova.AssociationsTests", "tests\Epinova.AssociationsTests.csproj", "{3E5E8813-2C5F-4BB7-A541-44A2DDEC9EAC}"
EndProject
Global
	GlobalSection(SolutionConfigurationPlatforms) = preSolution
		Debug|Any CPU = Debug|Any CPU
		Release|Any CPU = Release|Any CPU
	EndGlobalSection
	GlobalSection(ProjectConfigurationPlatforms) = postSolution
		{D3AE5AF8-5BAC-4381-8D96-9964477C0F50}.Debug|Any CPU.ActiveCfg = Debug|Any CPU
		{D3AE5AF8-5BAC-4381-8D96-9964477C0F50}.Debug|Any CPU.Build.0 = Debug|Any CPU
		{D3AE5AF8-5BAC-4381-8D96-9964477C0F50}.Release|Any CPU.ActiveCfg = Release|Any CPU
		{D3AE5AF8-5BAC-4381-8D96-9964477C0F50}.Release|Any CPU.Build.0 = Release|Any CPU
		{3E5E8813-2C5F-4BB7-A541-44A2DDEC9EAC}.Debug|Any CPU.ActiveCfg = Debug|Any CPU
		{3E5E8813-2C5F-4BB7-A541-44A2DDEC9EAC}.Debug|Any CPU.Build.0 = Debug|Any CPU
		{3E5E8813-2C5F-4BB7-A541-44A2DDEC9EAC}.Release|Any CPU.ActiveCfg = Release|Any CPU
		{3E5E8813-2C5F-4BB7-A541-44A2DDEC9EAC}.Release|Any CPU.Build.0 = Release|Any CPU
	EndGlobalSection
	GlobalSection(SolutionProperties) = preSolution
		HideSolutionNode = FALSE
	EndGlobalSection
EndGlobal
