
Microsoft Visual Studio Solution File, Format Version 12.00
# Visual Studio Version 16
VisualStudioVersion = 16.0.28729.10
MinimumVisualStudioVersion = 10.0.40219.1
Project("{FAE04EC0-301F-11D3-BF4B-00C04F79EFBC}") = "Epinova.Associations", "src\Epinova.Associations.csproj", "{D3AE5AF8-5BAC-4381-8D96-9964477C0F50}"
EndProject
Project("{FAE04EC0-301F-11D3-BF4B-00C04F79EFBC}") = "Epinova.AssociationsTests", "tests\Epinova.AssociationsTests.csproj", "{3E5E8813-2C5F-4BB7-A541-44A2DDEC9EAC}"
EndProject
Project("{2150E333-8FDC-42A3-9474-1A3956D46DE8}") = "SolutionItems", "SolutionItems", "{ADCBA9F2-7B77-4B14-B716-D99213BE2A86}"
	ProjectSection(SolutionItems) = preProject
		appveyor.yml = appveyor.yml
		readme.md = readme.md
	EndProjectSection
EndProject
Global
	GlobalSection(SolutionConfigurationPlatforms) = preSolution
		Debug|Any CPU = Debug|Any CPU
		Release|Any CPU = Release|Any CPU
	EndGlobalSection
	GlobalSection(ProjectConfigurationPlatforms) = postSolution
		{D3AE5AF8-5BAC-4381-8D96-9964477C0F50}.Debug|Any CPU.ActiveCfg = Debug|Any CPU
		{D3AE5AF8-5BAC-4381-8D96-9964477C0F50}.Debug|Any CPU.Build.0 = Debug|Any CPU
		{D3AE5AF8-5BAC-4381-8D96-9964477C0F50}.Release|Any CPU.ActiveCfg = Release|Any CPU
		{D3AE5AF8-5BAC-4381-8D96-9964477C0F50}.Release|Any CPU.Build.0 = Release|Any CPU
		{3E5E8813-2C5F-4BB7-A541-44A2DDEC9EAC}.Debug|Any CPU.ActiveCfg = Debug|Any CPU
		{3E5E8813-2C5F-4BB7-A541-44A2DDEC9EAC}.Debug|Any CPU.Build.0 = Debug|Any CPU
		{3E5E8813-2C5F-4BB7-A541-44A2DDEC9EAC}.Release|Any CPU.ActiveCfg = Release|Any CPU
		{3E5E8813-2C5F-4BB7-A541-44A2DDEC9EAC}.Release|Any CPU.Build.0 = Release|Any CPU
	EndGlobalSection
	GlobalSection(SolutionProperties) = preSolution
		HideSolutionNode = FALSE
	EndGlobalSection
	GlobalSection(ExtensibilityGlobals) = postSolution
		SolutionGuid = {F6911329-B74F-4F28-A14B-21A2C69B0D05}
	EndGlobalSection
EndGlobal
